
Microsoft Visual Studio Solution File, Format Version 12.00
# Visual Studio 15
VisualStudioVersion = 15.0.26124.0
MinimumVisualStudioVersion = 15.0.26124.0
Project("{FAE04EC0-301F-11D3-BF4B-00C04F79EFBC}") = "TicTacToe", "TicTacToe\TicTacToe.csproj", "{B6EE8ECF-1885-402B-B074-57C02E938335}"
EndProject
Project("{FAE04EC0-301F-11D3-BF4B-00C04F79EFBC}") = "Server", "Server\Server.csproj", "{0A3C692C-6A08-4B9F-8E1D-5CB3E1D095B5}"
EndProject
Project("{FAE04EC0-301F-11D3-BF4B-00C04F79EFBC}") = "ServerTests", "ServerTests\ServerTests.csproj", "{6481416D-F886-4DF9-BB09-6D1F65E63A92}"
EndProject
Project("{FAE04EC0-301F-11D3-BF4B-00C04F79EFBC}") = "TicTacToeTests", "TicTacToeTests\TicTacToeTests.csproj", "{9145372D-13FC-4085-9D8D-44F744BE69B1}"
EndProject
Project("{FAE04EC0-301F-11D3-BF4B-00C04F79EFBC}") = "Chess", "Chess\Chess.csproj", "{87202C58-4A48-43B5-ABE6-C98A1BCAF4F2}"
EndProject
Project("{FAE04EC0-301F-11D3-BF4B-00C04F79EFBC}") = "ChessTests", "ChessTests\ChessTests.csproj", "{6C280F2C-270D-42C4-9914-5F588E6B5F21}"
EndProject
Global
	GlobalSection(SolutionConfigurationPlatforms) = preSolution
		Debug|Any CPU = Debug|Any CPU
		Debug|x64 = Debug|x64
		Debug|x86 = Debug|x86
		Release|Any CPU = Release|Any CPU
		Release|x64 = Release|x64
		Release|x86 = Release|x86
	EndGlobalSection
	GlobalSection(SolutionProperties) = preSolution
		HideSolutionNode = FALSE
	EndGlobalSection
	GlobalSection(ProjectConfigurationPlatforms) = postSolution
		{0FBABEF8-A644-45A9-B7ED-A730C275F64F}.Debug|Any CPU.ActiveCfg = Debug|Any CPU
		{0FBABEF8-A644-45A9-B7ED-A730C275F64F}.Debug|Any CPU.Build.0 = Debug|Any CPU
		{0FBABEF8-A644-45A9-B7ED-A730C275F64F}.Debug|x64.ActiveCfg = Debug|Any CPU
		{0FBABEF8-A644-45A9-B7ED-A730C275F64F}.Debug|x64.Build.0 = Debug|Any CPU
		{0FBABEF8-A644-45A9-B7ED-A730C275F64F}.Debug|x86.ActiveCfg = Debug|Any CPU
		{0FBABEF8-A644-45A9-B7ED-A730C275F64F}.Debug|x86.Build.0 = Debug|Any CPU
		{0FBABEF8-A644-45A9-B7ED-A730C275F64F}.Release|Any CPU.ActiveCfg = Release|Any CPU
		{0FBABEF8-A644-45A9-B7ED-A730C275F64F}.Release|Any CPU.Build.0 = Release|Any CPU
		{0FBABEF8-A644-45A9-B7ED-A730C275F64F}.Release|x64.ActiveCfg = Release|Any CPU
		{0FBABEF8-A644-45A9-B7ED-A730C275F64F}.Release|x64.Build.0 = Release|Any CPU
		{0FBABEF8-A644-45A9-B7ED-A730C275F64F}.Release|x86.ActiveCfg = Release|Any CPU
		{0FBABEF8-A644-45A9-B7ED-A730C275F64F}.Release|x86.Build.0 = Release|Any CPU
		{0B6D43EE-5219-44FE-884E-1B8EDE01D98F}.Debug|Any CPU.ActiveCfg = Debug|Any CPU
		{0B6D43EE-5219-44FE-884E-1B8EDE01D98F}.Debug|Any CPU.Build.0 = Debug|Any CPU
		{0B6D43EE-5219-44FE-884E-1B8EDE01D98F}.Debug|x64.ActiveCfg = Debug|Any CPU
		{0B6D43EE-5219-44FE-884E-1B8EDE01D98F}.Debug|x64.Build.0 = Debug|Any CPU
		{0B6D43EE-5219-44FE-884E-1B8EDE01D98F}.Debug|x86.ActiveCfg = Debug|Any CPU
		{0B6D43EE-5219-44FE-884E-1B8EDE01D98F}.Debug|x86.Build.0 = Debug|Any CPU
		{0B6D43EE-5219-44FE-884E-1B8EDE01D98F}.Release|Any CPU.ActiveCfg = Release|Any CPU
		{0B6D43EE-5219-44FE-884E-1B8EDE01D98F}.Release|Any CPU.Build.0 = Release|Any CPU
		{0B6D43EE-5219-44FE-884E-1B8EDE01D98F}.Release|x64.ActiveCfg = Release|Any CPU
		{0B6D43EE-5219-44FE-884E-1B8EDE01D98F}.Release|x64.Build.0 = Release|Any CPU
		{0B6D43EE-5219-44FE-884E-1B8EDE01D98F}.Release|x86.ActiveCfg = Release|Any CPU
		{0B6D43EE-5219-44FE-884E-1B8EDE01D98F}.Release|x86.Build.0 = Release|Any CPU
		{B6EE8ECF-1885-402B-B074-57C02E938335}.Debug|Any CPU.ActiveCfg = Debug|Any CPU
		{B6EE8ECF-1885-402B-B074-57C02E938335}.Debug|Any CPU.Build.0 = Debug|Any CPU
		{B6EE8ECF-1885-402B-B074-57C02E938335}.Debug|x64.ActiveCfg = Debug|Any CPU
		{B6EE8ECF-1885-402B-B074-57C02E938335}.Debug|x64.Build.0 = Debug|Any CPU
		{B6EE8ECF-1885-402B-B074-57C02E938335}.Debug|x86.ActiveCfg = Debug|Any CPU
		{B6EE8ECF-1885-402B-B074-57C02E938335}.Debug|x86.Build.0 = Debug|Any CPU
		{B6EE8ECF-1885-402B-B074-57C02E938335}.Release|Any CPU.ActiveCfg = Release|Any CPU
		{B6EE8ECF-1885-402B-B074-57C02E938335}.Release|Any CPU.Build.0 = Release|Any CPU
		{B6EE8ECF-1885-402B-B074-57C02E938335}.Release|x64.ActiveCfg = Release|Any CPU
		{B6EE8ECF-1885-402B-B074-57C02E938335}.Release|x64.Build.0 = Release|Any CPU
		{B6EE8ECF-1885-402B-B074-57C02E938335}.Release|x86.ActiveCfg = Release|Any CPU
		{B6EE8ECF-1885-402B-B074-57C02E938335}.Release|x86.Build.0 = Release|Any CPU
		{0A3C692C-6A08-4B9F-8E1D-5CB3E1D095B5}.Debug|Any CPU.ActiveCfg = Debug|Any CPU
		{0A3C692C-6A08-4B9F-8E1D-5CB3E1D095B5}.Debug|Any CPU.Build.0 = Debug|Any CPU
		{0A3C692C-6A08-4B9F-8E1D-5CB3E1D095B5}.Debug|x64.ActiveCfg = Debug|Any CPU
		{0A3C692C-6A08-4B9F-8E1D-5CB3E1D095B5}.Debug|x64.Build.0 = Debug|Any CPU
		{0A3C692C-6A08-4B9F-8E1D-5CB3E1D095B5}.Debug|x86.ActiveCfg = Debug|Any CPU
		{0A3C692C-6A08-4B9F-8E1D-5CB3E1D095B5}.Debug|x86.Build.0 = Debug|Any CPU
		{0A3C692C-6A08-4B9F-8E1D-5CB3E1D095B5}.Release|Any CPU.ActiveCfg = Release|Any CPU
		{0A3C692C-6A08-4B9F-8E1D-5CB3E1D095B5}.Release|Any CPU.Build.0 = Release|Any CPU
		{0A3C692C-6A08-4B9F-8E1D-5CB3E1D095B5}.Release|x64.ActiveCfg = Release|Any CPU
		{0A3C692C-6A08-4B9F-8E1D-5CB3E1D095B5}.Release|x64.Build.0 = Release|Any CPU
		{0A3C692C-6A08-4B9F-8E1D-5CB3E1D095B5}.Release|x86.ActiveCfg = Release|Any CPU
		{0A3C692C-6A08-4B9F-8E1D-5CB3E1D095B5}.Release|x86.Build.0 = Release|Any CPU
		{6481416D-F886-4DF9-BB09-6D1F65E63A92}.Debug|Any CPU.ActiveCfg = Debug|Any CPU
		{6481416D-F886-4DF9-BB09-6D1F65E63A92}.Debug|Any CPU.Build.0 = Debug|Any CPU
		{6481416D-F886-4DF9-BB09-6D1F65E63A92}.Debug|x64.ActiveCfg = Debug|Any CPU
		{6481416D-F886-4DF9-BB09-6D1F65E63A92}.Debug|x64.Build.0 = Debug|Any CPU
		{6481416D-F886-4DF9-BB09-6D1F65E63A92}.Debug|x86.ActiveCfg = Debug|Any CPU
		{6481416D-F886-4DF9-BB09-6D1F65E63A92}.Debug|x86.Build.0 = Debug|Any CPU
		{6481416D-F886-4DF9-BB09-6D1F65E63A92}.Release|Any CPU.ActiveCfg = Release|Any CPU
		{6481416D-F886-4DF9-BB09-6D1F65E63A92}.Release|Any CPU.Build.0 = Release|Any CPU
		{6481416D-F886-4DF9-BB09-6D1F65E63A92}.Release|x64.ActiveCfg = Release|Any CPU
		{6481416D-F886-4DF9-BB09-6D1F65E63A92}.Release|x64.Build.0 = Release|Any CPU
		{6481416D-F886-4DF9-BB09-6D1F65E63A92}.Release|x86.ActiveCfg = Release|Any CPU
		{6481416D-F886-4DF9-BB09-6D1F65E63A92}.Release|x86.Build.0 = Release|Any CPU
		{9145372D-13FC-4085-9D8D-44F744BE69B1}.Debug|Any CPU.ActiveCfg = Debug|Any CPU
		{9145372D-13FC-4085-9D8D-44F744BE69B1}.Debug|Any CPU.Build.0 = Debug|Any CPU
		{9145372D-13FC-4085-9D8D-44F744BE69B1}.Debug|x64.ActiveCfg = Debug|Any CPU
		{9145372D-13FC-4085-9D8D-44F744BE69B1}.Debug|x64.Build.0 = Debug|Any CPU
		{9145372D-13FC-4085-9D8D-44F744BE69B1}.Debug|x86.ActiveCfg = Debug|Any CPU
		{9145372D-13FC-4085-9D8D-44F744BE69B1}.Debug|x86.Build.0 = Debug|Any CPU
		{9145372D-13FC-4085-9D8D-44F744BE69B1}.Release|Any CPU.ActiveCfg = Release|Any CPU
		{9145372D-13FC-4085-9D8D-44F744BE69B1}.Release|Any CPU.Build.0 = Release|Any CPU
		{9145372D-13FC-4085-9D8D-44F744BE69B1}.Release|x64.ActiveCfg = Release|Any CPU
		{9145372D-13FC-4085-9D8D-44F744BE69B1}.Release|x64.Build.0 = Release|Any CPU
		{9145372D-13FC-4085-9D8D-44F744BE69B1}.Release|x86.ActiveCfg = Release|Any CPU
		{9145372D-13FC-4085-9D8D-44F744BE69B1}.Release|x86.Build.0 = Release|Any CPU
		{87202C58-4A48-43B5-ABE6-C98A1BCAF4F2}.Debug|Any CPU.ActiveCfg = Debug|Any CPU
		{87202C58-4A48-43B5-ABE6-C98A1BCAF4F2}.Debug|Any CPU.Build.0 = Debug|Any CPU
		{87202C58-4A48-43B5-ABE6-C98A1BCAF4F2}.Debug|x64.ActiveCfg = Debug|Any CPU
		{87202C58-4A48-43B5-ABE6-C98A1BCAF4F2}.Debug|x64.Build.0 = Debug|Any CPU
		{87202C58-4A48-43B5-ABE6-C98A1BCAF4F2}.Debug|x86.ActiveCfg = Debug|Any CPU
		{87202C58-4A48-43B5-ABE6-C98A1BCAF4F2}.Debug|x86.Build.0 = Debug|Any CPU
		{87202C58-4A48-43B5-ABE6-C98A1BCAF4F2}.Release|Any CPU.ActiveCfg = Release|Any CPU
		{87202C58-4A48-43B5-ABE6-C98A1BCAF4F2}.Release|Any CPU.Build.0 = Release|Any CPU
		{87202C58-4A48-43B5-ABE6-C98A1BCAF4F2}.Release|x64.ActiveCfg = Release|Any CPU
		{87202C58-4A48-43B5-ABE6-C98A1BCAF4F2}.Release|x64.Build.0 = Release|Any CPU
		{87202C58-4A48-43B5-ABE6-C98A1BCAF4F2}.Release|x86.ActiveCfg = Release|Any CPU
		{87202C58-4A48-43B5-ABE6-C98A1BCAF4F2}.Release|x86.Build.0 = Release|Any CPU
		{6C280F2C-270D-42C4-9914-5F588E6B5F21}.Debug|Any CPU.ActiveCfg = Debug|Any CPU
		{6C280F2C-270D-42C4-9914-5F588E6B5F21}.Debug|Any CPU.Build.0 = Debug|Any CPU
		{6C280F2C-270D-42C4-9914-5F588E6B5F21}.Debug|x64.ActiveCfg = Debug|Any CPU
		{6C280F2C-270D-42C4-9914-5F588E6B5F21}.Debug|x64.Build.0 = Debug|Any CPU
		{6C280F2C-270D-42C4-9914-5F588E6B5F21}.Debug|x86.ActiveCfg = Debug|Any CPU
		{6C280F2C-270D-42C4-9914-5F588E6B5F21}.Debug|x86.Build.0 = Debug|Any CPU
		{6C280F2C-270D-42C4-9914-5F588E6B5F21}.Release|Any CPU.ActiveCfg = Release|Any CPU
		{6C280F2C-270D-42C4-9914-5F588E6B5F21}.Release|Any CPU.Build.0 = Release|Any CPU
		{6C280F2C-270D-42C4-9914-5F588E6B5F21}.Release|x64.ActiveCfg = Release|Any CPU
		{6C280F2C-270D-42C4-9914-5F588E6B5F21}.Release|x64.Build.0 = Release|Any CPU
		{6C280F2C-270D-42C4-9914-5F588E6B5F21}.Release|x86.ActiveCfg = Release|Any CPU
		{6C280F2C-270D-42C4-9914-5F588E6B5F21}.Release|x86.Build.0 = Release|Any CPU
	EndGlobalSection
EndGlobal
